// !$*UTF8*$!
{
	archiveVersion = 1;
	classes = {
	};
	objectVersion = 46;
	objects = {

/* Begin PBXBuildFile section */
		6D26A1FF1CC9AAC20073FF3F /* AppDelegate.swift in Sources */ = {isa = PBXBuildFile; fileRef = 6D26A1FE1CC9AAC20073FF3F /* AppDelegate.swift */; };
		6D26A2011CC9AAC20073FF3F /* ViewController.swift in Sources */ = {isa = PBXBuildFile; fileRef = 6D26A2001CC9AAC20073FF3F /* ViewController.swift */; };
		6D26A2041CC9AAC20073FF3F /* Main.storyboard in Resources */ = {isa = PBXBuildFile; fileRef = 6D26A2021CC9AAC20073FF3F /* Main.storyboard */; };
		6D26A2071CC9AAC20073FF3F /* Spotlight.xcdatamodeld in Sources */ = {isa = PBXBuildFile; fileRef = 6D26A2051CC9AAC20073FF3F /* Spotlight.xcdatamodeld */; };
		6D26A2091CC9AAC20073FF3F /* Assets.xcassets in Resources */ = {isa = PBXBuildFile; fileRef = 6D26A2081CC9AAC20073FF3F /* Assets.xcassets */; };
		6D26A20C1CC9AAC20073FF3F /* LaunchScreen.storyboard in Resources */ = {isa = PBXBuildFile; fileRef = 6D26A20A1CC9AAC20073FF3F /* LaunchScreen.storyboard */; };
/* End PBXBuildFile section */

/* Begin PBXFileReference section */
		6D26A1FB1CC9AAC20073FF3F /* Spotlight.app */ = {isa = PBXFileReference; explicitFileType = wrapper.application; includeInIndex = 0; path = Spotlight.app; sourceTree = BUILT_PRODUCTS_DIR; };
		6D26A1FE1CC9AAC20073FF3F /* AppDelegate.swift */ = {isa = PBXFileReference; lastKnownFileType = sourcecode.swift; path = AppDelegate.swift; sourceTree = "<group>"; };
		6D26A2001CC9AAC20073FF3F /* ViewController.swift */ = {isa = PBXFileReference; lastKnownFileType = sourcecode.swift; path = ViewController.swift; sourceTree = "<group>"; };
		6D26A2031CC9AAC20073FF3F /* Base */ = {isa = PBXFileReference; lastKnownFileType = file.storyboard; name = Base; path = Base.lproj/Main.storyboard; sourceTree = "<group>"; };
		6D26A2061CC9AAC20073FF3F /* Spotlight.xcdatamodel */ = {isa = PBXFileReference; lastKnownFileType = wrapper.xcdatamodel; path = Spotlight.xcdatamodel; sourceTree = "<group>"; };
		6D26A2081CC9AAC20073FF3F /* Assets.xcassets */ = {isa = PBXFileReference; lastKnownFileType = folder.assetcatalog; path = Assets.xcassets; sourceTree = "<group>"; };
		6D26A20B1CC9AAC20073FF3F /* Base */ = {isa = PBXFileReference; lastKnownFileType = file.storyboard; name = Base; path = Base.lproj/LaunchScreen.storyboard; sourceTree = "<group>"; };
		6D26A20D1CC9AAC20073FF3F /* Info.plist */ = {isa = PBXFileReference; lastKnownFileType = text.plist.xml; path = Info.plist; sourceTree = "<group>"; };
/* End PBXFileReference section */

/* Begin PBXFrameworksBuildPhase section */
		6D26A1F81CC9AAC20073FF3F /* Frameworks */ = {
			isa = PBXFrameworksBuildPhase;
			buildActionMask = 2147483647;
			files = (
			);
			runOnlyForDeploymentPostprocessing = 0;
		};
/* End PBXFrameworksBuildPhase section */

/* Begin PBXGroup section */
		6D26A1F21CC9AAC10073FF3F = {
			isa = PBXGroup;
			children = (
				6D26A1FD1CC9AAC20073FF3F /* Spotlight */,
				6D26A1FC1CC9AAC20073FF3F /* Products */,
			);
			sourceTree = "<group>";
		};
		6D26A1FC1CC9AAC20073FF3F /* Products */ = {
			isa = PBXGroup;
			children = (
				6D26A1FB1CC9AAC20073FF3F /* Spotlight.app */,
			);
			name = Products;
			sourceTree = "<group>";
		};
		6D26A1FD1CC9AAC20073FF3F /* Spotlight */ = {
			isa = PBXGroup;
			children = (
				6D26A1FE1CC9AAC20073FF3F /* AppDelegate.swift */,
				6D26A2001CC9AAC20073FF3F /* ViewController.swift */,
				6D26A2021CC9AAC20073FF3F /* Main.storyboard */,
				6D26A2081CC9AAC20073FF3F /* Assets.xcassets */,
				6D26A20A1CC9AAC20073FF3F /* LaunchScreen.storyboard */,
				6D26A20D1CC9AAC20073FF3F /* Info.plist */,
				6D26A2051CC9AAC20073FF3F /* Spotlight.xcdatamodeld */,
			);
			path = Spotlight;
			sourceTree = "<group>";
		};
/* End PBXGroup section */

/* Begin PBXNativeTarget section */
		6D26A1FA1CC9AAC20073FF3F /* Spotlight */ = {
			isa = PBXNativeTarget;
			buildConfigurationList = 6D26A2101CC9AAC20073FF3F /* Build configuration list for PBXNativeTarget "Spotlight" */;
			buildPhases = (
				6D26A1F71CC9AAC20073FF3F /* Sources */,
				6D26A1F81CC9AAC20073FF3F /* Frameworks */,
				6D26A1F91CC9AAC20073FF3F /* Resources */,
			);
			buildRules = (
			);
			dependencies = (
			);
			name = Spotlight;
			productName = Spotlight;
			productReference = 6D26A1FB1CC9AAC20073FF3F /* Spotlight.app */;
			productType = "com.apple.product-type.application";
		};
/* End PBXNativeTarget section */

/* Begin PBXProject section */
		6D26A1F31CC9AAC10073FF3F /* Project object */ = {
			isa = PBXProject;
			attributes = {
				LastSwiftUpdateCheck = 0730;
				LastUpgradeCheck = 0730;
				ORGANIZATIONNAME = "Jacqueline Sloves";
				TargetAttributes = {
					6D26A1FA1CC9AAC20073FF3F = {
						CreatedOnToolsVersion = 7.3;
					};
				};
			};
			buildConfigurationList = 6D26A1F61CC9AAC10073FF3F /* Build configuration list for PBXProject "Spotlight" */;
			compatibilityVersion = "Xcode 3.2";
			developmentRegion = English;
			hasScannedForEncodings = 0;
			knownRegions = (
				en,
				Base,
			);
			mainGroup = 6D26A1F21CC9AAC10073FF3F;
			productRefGroup = 6D26A1FC1CC9AAC20073FF3F /* Products */;
			projectDirPath = "";
			projectRoot = "";
			targets = (
				6D26A1FA1CC9AAC20073FF3F /* Spotlight */,
			);
		};
/* End PBXProject section */

/* Begin PBXResourcesBuildPhase section */
		6D26A1F91CC9AAC20073FF3F /* Resources */ = {
			isa = PBXResourcesBuildPhase;
			buildActionMask = 2147483647;
			files = (
				6D26A20C1CC9AAC20073FF3F /* LaunchScreen.storyboard in Resources */,
				6D26A2091CC9AAC20073FF3F /* Assets.xcassets in Resources */,
				6D26A2041CC9AAC20073FF3F /* Main.storyboard in Resources */,
			);
			runOnlyForDeploymentPostprocessing = 0;
		};
/* End PBXResourcesBuildPhase section */

/* Begin PBXSourcesBuildPhase section */
		6D26A1F71CC9AAC20073FF3F /* Sources */ = {
			isa = PBXSourcesBuildPhase;
			buildActionMask = 2147483647;
			files = (
				6D26A2071CC9AAC20073FF3F /* Spotlight.xcdatamodeld in Sources */,
				6D26A2011CC9AAC20073FF3F /* ViewController.swift in Sources */,
				6D26A1FF1CC9AAC20073FF3F /* AppDelegate.swift in Sources */,
			);
			runOnlyForDeploymentPostprocessing = 0;
		};
/* End PBXSourcesBuildPhase section */

/* Begin PBXVariantGroup section */
		6D26A2021CC9AAC20073FF3F /* Main.storyboard */ = {
			isa = PBXVariantGroup;
			children = (
				6D26A2031CC9AAC20073FF3F /* Base */,
			);
			name = Main.storyboard;
			sourceTree = "<group>";
		};
		6D26A20A1CC9AAC20073FF3F /* LaunchScreen.storyboard */ = {
			isa = PBXVariantGroup;
			children = (
				6D26A20B1CC9AAC20073FF3F /* Base */,
			);
			name = LaunchScreen.storyboard;
			sourceTree = "<group>";
		};
/* End PBXVariantGroup section */

/* Begin XCBuildConfiguration section */
		6D26A20E1CC9AAC20073FF3F /* Debug */ = {
			isa = XCBuildConfiguration;
			buildSettings = {
				ALWAYS_SEARCH_USER_PATHS = NO;
				CLANG_ANALYZER_NONNULL = YES;
				CLANG_CXX_LANGUAGE_STANDARD = "gnu++0x";
				CLANG_CXX_LIBRARY = "libc++";
				CLANG_ENABLE_MODULES = YES;
				CLANG_ENABLE_OBJC_ARC = YES;
				CLANG_WARN_BOOL_CONVERSION = YES;
				CLANG_WARN_CONSTANT_CONVERSION = YES;
				CLANG_WARN_DIRECT_OBJC_ISA_USAGE = YES_ERROR;
				CLANG_WARN_EMPTY_BODY = YES;
				CLANG_WARN_ENUM_CONVERSION = YES;
				CLANG_WARN_INT_CONVERSION = YES;
				CLANG_WARN_OBJC_ROOT_CLASS = YES_ERROR;
				CLANG_WARN_UNREACHABLE_CODE = YES;
				CLANG_WARN__DUPLICATE_METHOD_MATCH = YES;
				"CODE_SIGN_IDENTITY[sdk=iphoneos*]" = "iPhone Developer";
				COPY_PHASE_STRIP = NO;
				DEBUG_INFORMATION_FORMAT = dwarf;
				ENABLE_STRICT_OBJC_MSGSEND = YES;
				ENABLE_TESTABILITY = YES;
				GCC_C_LANGUAGE_STANDARD = gnu99;
				GCC_DYNAMIC_NO_PIC = NO;
				GCC_NO_COMMON_BLOCKS = YES;
				GCC_OPTIMIZATION_LEVEL = 0;
				GCC_PREPROCESSOR_DEFINITIONS = (
					"DEBUG=1",
					"$(inherited)",
				);
				GCC_WARN_64_TO_32_BIT_CONVERSION = YES;
				GCC_WARN_ABOUT_RETURN_TYPE = YES_ERROR;
				GCC_WARN_UNDECLARED_SELECTOR = YES;
				GCC_WARN_UNINITIALIZED_AUTOS = YES_AGGRESSIVE;
				GCC_WARN_UNUSED_FUNCTION = YES;
				GCC_WARN_UNUSED_VARIABLE = YES;
				IPHONEOS_DEPLOYMENT_TARGET = 9.3;
				MTL_ENABLE_DEBUG_INFO = YES;
				ONLY_ACTIVE_ARCH = YES;
				SDKROOT = iphoneos;
				SWIFT_OPTIMIZATION_LEVEL = "-Onone";
				TARGETED_DEVICE_FAMILY = "1,2";
			};
			name = Debug;
		};
		6D26A20F1CC9AAC20073FF3F /* Release */ = {
			isa = XCBuildConfiguration;
			buildSettings = {
				ALWAYS_SEARCH_USER_PATHS = NO;
				CLANG_ANALYZER_NONNULL = YES;
				CLANG_CXX_LANGUAGE_STANDARD = "gnu++0x";
				CLANG_CXX_LIBRARY = "libc++";
				CLANG_ENABLE_MODULES = YES;
				CLANG_ENABLE_OBJC_ARC = YES;
				CLANG_WARN_BOOL_CONVERSION = YES;
				CLANG_WARN_CONSTANT_CONVERSION = YES;
				CLANG_WARN_DIRECT_OBJC_ISA_USAGE = YES_ERROR;
				CLANG_WARN_EMPTY_BODY = YES;
				CLANG_WARN_ENUM_CONVERSION = YES;
				CLANG_WARN_INT_CONVERSION = YES;
				CLANG_WARN_OBJC_ROOT_CLASS = YES_ERROR;
				CLANG_WARN_UNREACHABLE_CODE = YES;
				CLANG_WARN__DUPLICATE_METHOD_MATCH = YES;
				"CODE_SIGN_IDENTITY[sdk=iphoneos*]" = "iPhone Developer";
				COPY_PHASE_STRIP = NO;
				DEBUG_INFORMATION_FORMAT = "dwarf-with-dsym";
				ENABLE_NS_ASSERTIONS = NO;
				ENABLE_STRICT_OBJC_MSGSEND = YES;
				GCC_C_LANGUAGE_STANDARD = gnu99;
				GCC_NO_COMMON_BLOCKS = YES;
				GCC_WARN_64_TO_32_BIT_CONVERSION = YES;
				GCC_WARN_ABOUT_RETURN_TYPE = YES_ERROR;
				GCC_WARN_UNDECLARED_SELECTOR = YES;
				GCC_WARN_UNINITIALIZED_AUTOS = YES_AGGRESSIVE;
				GCC_WARN_UNUSED_FUNCTION = YES;
				GCC_WARN_UNUSED_VARIABLE = YES;
				IPHONEOS_DEPLOYMENT_TARGET = 9.3;
				MTL_ENABLE_DEBUG_INFO = NO;
				SDKROOT = iphoneos;
				TARGETED_DEVICE_FAMILY = "1,2";
				VALIDATE_PRODUCT = YES;
			};
			name = Release;
		};
		6D26A2111CC9AAC20073FF3F /* Debug */ = {
			isa = XCBuildConfiguration;
			buildSettings = {
				ASSETCATALOG_COMPILER_APPICON_NAME = AppIcon;
				INFOPLIST_FILE = Spotlight/Info.plist;
				LD_RUNPATH_SEARCH_PATHS = "$(inherited) @executable_path/Frameworks";
				PRODUCT_BUNDLE_IDENTIFIER = com.jsloves.Spotlight;
				PRODUCT_NAME = "$(TARGET_NAME)";
			};
			name = Debug;
		};
		6D26A2121CC9AAC20073FF3F /* Release */ = {
			isa = XCBuildConfiguration;
			buildSettings = {
				ASSETCATALOG_COMPILER_APPICON_NAME = AppIcon;
				INFOPLIST_FILE = Spotlight/Info.plist;
				LD_RUNPATH_SEARCH_PATHS = "$(inherited) @executable_path/Frameworks";
				PRODUCT_BUNDLE_IDENTIFIER = com.jsloves.Spotlight;
				PRODUCT_NAME = "$(TARGET_NAME)";
			};
			name = Release;
		};
/* End XCBuildConfiguration section */

/* Begin XCConfigurationList section */
		6D26A1F61CC9AAC10073FF3F /* Build configuration list for PBXProject "Spotlight" */ = {
			isa = XCConfigurationList;
			buildConfigurations = (
				6D26A20E1CC9AAC20073FF3F /* Debug */,
				6D26A20F1CC9AAC20073FF3F /* Release */,
			);
			defaultConfigurationIsVisible = 0;
			defaultConfigurationName = Release;
		};
		6D26A2101CC9AAC20073FF3F /* Build configuration list for PBXNativeTarget "Spotlight" */ = {
			isa = XCConfigurationList;
			buildConfigurations = (
				6D26A2111CC9AAC20073FF3F /* Debug */,
				6D26A2121CC9AAC20073FF3F /* Release */,
			);
			defaultConfigurationIsVisible = 0;
		};
/* End XCConfigurationList section */

/* Begin XCVersionGroup section */
		6D26A2051CC9AAC20073FF3F /* Spotlight.xcdatamodeld */ = {
			isa = XCVersionGroup;
			children = (
				6D26A2061CC9AAC20073FF3F /* Spotlight.xcdatamodel */,
			);
			currentVersion = 6D26A2061CC9AAC20073FF3F /* Spotlight.xcdatamodel */;
			path = Spotlight.xcdatamodeld;
			sourceTree = "<group>";
			versionGroupType = wrapper.xcdatamodel;
		};
/* End XCVersionGroup section */
	};
	rootObject = 6D26A1F31CC9AAC10073FF3F /* Project object */;
}
